- symbol: 0
  hash: 43b9b8b86a9ff134c89956947bddbb19c09a9ee3
  signature: i/9E/yT/BP+L/0z/JP8I/yv/SP8Q/8H/+f8M/43/RP/I/xj/i/9M/yT/DP8P/7b/Ef8B/xD/gP8h/wD/gf84//D/AP8A/wD/x/9A/wT/8f8A/wD/AP91/xf///8F/wAAAAAAAAAAg/89/wAAAAAAAAAAIP91/wj/av8Q/+j/AAAAAAAAAABZ/8P/
  symbols:
  - kind: Function
    name: ___old_sbh_free_block
    size: 69
    flags: 1
    section: .text
  - kind: Object
    name: ___old_sbh_decommitable_pages
    size: 0
    flags: 2
    section: .bss
  - kind: Function
    name: ___old_sbh_decommit_pages
    size: 0
    flags: 1
    section: .text
  relocations:
  - offset: 47
    kind: x86_abs32
    symbol: 1
    addend: 0
  - offset: 53
    kind: x86_abs32
    symbol: 1
    addend: 0
  - offset: 63
    kind: x86_rel32
    symbol: 2
    addend: -4
