- symbol: 0
  hash: 8ddcba7eab823a71f830d3c599dafaf4a6a706f2
  signature: Vf+L/+z/g//s/xD/i/9N/wj/U/9W/4v/df8M/4v/Qf8Q/1f/i//+/4P/xv/8/yv/ef8M/8H/7/8P/4v/z/9p/8n/BP8C/wD/AP+N/4z/Af9E/wH/AP8A/4n/Tf/w/4v/Dv9J//b/wf8B/4n/Tf/8/w//hf/m/wL/AP8A/4v/FP8x/43/HP8x/4n/Vf/0/4v/Vv/8/4n/Vf/4/4v/Vf/0//b/wv8B/4n/Xf8M/3X/fv/B//r/BP9K/4P/+v8//3b/A/9q/z//Wv+L/0v/BP87/0v/CP91/0z/g//6/yD/c/8e/7v/AP8A/wD/gP+L/8r/0//r/43/TP8C/wT/9//T/yH/XP+4/0T//v8J/3X/KP+L/03/CP8h/xn/6/8h/43/Sv/g/7v/AP8A/wD/gP/T/+v/jf9M/wL/BP/3/9P/If+c/7j/xP8A/wD/AP/+/wn/df8G/4v/Tf8I/yH/Wf8E/4v/Tf/8/4v/Xf8M/+v/A/+L/03//P+L/1P/CP+L/1v/BP8D/03/9P+J/1r/BP+L/1X/DP+J/03//P+L/1r/BP+L/1L/CP+J/1P/CP+L/9H/wf/6/wT/Sv+D//r/P/92/wP/av8//1r/i/9d//j/g//j/wH/if9d//T/D/+F/5T/AP8A/wD/K/91//j/i/9d//j/wf/7/wT/av8//4n/df8M/0v/Xv87/97/dv8C/4v/3v8D/03/+P+L/9H/if9N//z/wf/6/wT/Sv87/9b/dv8C/4v/1v87/9r/dP9j/4v/Tf8M/4v/cf8E/zv/cf8I/3X/QP+D//v/IP9z/xz/vv8A/wD/AP+A/4v/y//T/+7/9//W/yH/dP+4/0T//v9M/wP/BP91/yb/i/9N/wj/If8x/+v/H/+N/0v/4P++/wD/AP8A/4D/0//u//f/1v8h/7T/uP/E/wD/AP8A//7/TP8D/wT/df8G/4v/Tf8I/yH/cf8E/4v/Tf8M/4v/cf8I/4v/Sf8E/4n/Tv8E/4v/Tf8M/4v/cf8E/4v/Sf8I/4n/Tv8I/4v/df8M/+v/A/+L/13/CP+D/33/9P8A/3X/CP87/9r/D/+E/4H/AP8A/wD/i/9N//D/i/9c/9H/BP+N/wz/0f+J/17/BP+J/07/CP+J/3H/BP+L/07/BP+J/3H/CP+L/07/BP87/07/CP91/2D/iv9M/wL/BP+D//r/IP+I/03/D//+/8H/iP9M/wL/BP9z/yX/gP99/w//AP91/w7/u/8A/wD/AP+A/4v/yv/T/+v/i/9N/wj/Cf8Z/7v/AP8A/wD/gP+L/8r/0//r/43/RP+4/0T/Cf8Y/+v/Kf+A/33/D/8A/3X/EP+N/0r/4P+7/wD/AP8A/4D/0//r/4v/Tf8I/wn/Wf8E/43/Sv/g/7r/AP8A/wD/gP/T/+r/jf+E/7j/xP8A/wD/AP8J/xD/i/9F//z/if8G/4n/RP8w//z/i/9F//D///8I/w//hf/3/wD/AP8A/6H/AAAAAAAAAACF/8D/D/+E/9z/AP8A/wD/i/8N/wAAAAAAAAAAi/81/wAAAAAAAAAAwf/h/w//A/9I/wz/u/8A/4D/AP8A/2j/AP9A/wD/AP9T/1H////W/4v/Df8AAAAAAAAAAKH/AAAAAAAAAAC6/wD/AP8A/4D/0//q/wn/UP8I/6H/AAAAAAAAAACL/w3/AAAAAAAAAACL/0D/EP+D/6T/iP/E/wD/AP8A/wD/of8AAAAAAAAAAIv/QP8Q//7/SP9D/6H/AAAAAAAAAACL/0j/EP+A/3n/Q/8A/3X/Cf+D/2D/BP/+/6H/AAAAAAAAAACD/3j/CP///3X/af9T/2r/AP///3D/DP///9b/of8AAAAAAAAAAP//cP8Q/2r/AP///zX/AAAAAAAAAAD//xX/AAAAAAAAAACh/wAAAAAAAAAAi/8V/wAAAAAAAAAAjf8E/4D/wf/g/wL/i//I/6H/AAAAAAAAAAAr/8j/jf9M/xH/7P9R/43/SP8U/1H/UP/o/wAAAAAAAAAAi/9F/wj/g//E/wz///8N/wAAAAAAAAAAO/8F/wAAAAAAAAAAdv8E/4P/bf8I/xT/of8AAAAAAAAAAKP/AAAAAAAAAACL/0X/CP+J/z3/AAAAAAAAAACj/wAAAAAAAAAAX/9e/1v/yf/D/w==
  symbols:
  - kind: Function
    name: ___sbh_free_block
    size: 809
    flags: 1
    section: .text
  - kind: Object
    name: ___sbh_pHeaderDefer
    size: 4
    flags: 1
    section: null
  - kind: Object
    name: ___sbh_indGroupDefer
    size: 4
    flags: 1
    section: null
  - kind: Function
    name: __imp__VirtualFree@12
    size: 0
    flags: 1
    section: null
  - kind: Object
    name: __crtheap
    size: 0
    flags: 1
    section: null
  - kind: Function
    name: __imp__HeapFree@12
    size: 0
    flags: 1
    section: null
  - kind: Object
    name: ___sbh_cntHeaderList
    size: 4
    flags: 1
    section: null
  - kind: Object
    name: ___sbh_pHeaderList
    size: 4
    flags: 1
    section: null
  - kind: Function
    name: _memmove
    size: 0
    flags: 1
    section: null
  - kind: Object
    name: ___sbh_pHeaderScan
    size: 4
    flags: 1
    section: null
  relocations:
  - offset: 558
    kind: x86_abs32
    symbol: 1
    addend: 0
  - offset: 572
    kind: x86_abs32
    symbol: 2
    addend: 0
  - offset: 578
    kind: x86_abs32
    symbol: 3
    addend: 0
  - offset: 604
    kind: x86_abs32
    symbol: 2
    addend: 0
  - offset: 609
    kind: x86_abs32
    symbol: 1
    addend: 0
  - offset: 624
    kind: x86_abs32
    symbol: 1
    addend: 0
  - offset: 630
    kind: x86_abs32
    symbol: 2
    addend: 0
  - offset: 646
    kind: x86_abs32
    symbol: 1
    addend: 0
  - offset: 657
    kind: x86_abs32
    symbol: 1
    addend: 0
  - offset: 675
    kind: x86_abs32
    symbol: 1
    addend: 0
  - offset: 694
    kind: x86_abs32
    symbol: 1
    addend: 0
  - offset: 705
    kind: x86_abs32
    symbol: 4
    addend: 0
  - offset: 711
    kind: x86_abs32
    symbol: 5
    addend: 0
  - offset: 716
    kind: x86_abs32
    symbol: 6
    addend: 0
  - offset: 722
    kind: x86_abs32
    symbol: 7
    addend: 0
  - offset: 735
    kind: x86_abs32
    symbol: 1
    addend: 0
  - offset: 752
    kind: x86_rel32
    symbol: 8
    addend: -4
  - offset: 764
    kind: x86_abs32
    symbol: 6
    addend: 0
  - offset: 770
    kind: x86_abs32
    symbol: 1
    addend: 0
  - offset: 781
    kind: x86_abs32
    symbol: 7
    addend: 0
  - offset: 786
    kind: x86_abs32
    symbol: 9
    addend: 0
  - offset: 795
    kind: x86_abs32
    symbol: 2
    addend: 0
  - offset: 800
    kind: x86_abs32
    symbol: 1
    addend: 0
